
Microsoft Visual Studio Solution File, Format Version 12.00
# Visual Studio Version 17
VisualStudioVersion = 17.11.35327.3
MinimumVisualStudioVersion = 10.0.40219.1
Project("{FAE04EC0-301F-11D3-BF4B-00C04F79EFBC}") = "Banco_Monousuarios", "Banco_Monousuarios\Banco_Monousuarios.csproj", "{FD92C2B3-47C5-4C48-831A-9C81E94DFD69}"
EndProject
Global
	GlobalSection(SolutionConfigurationPlatforms) = preSolution
		Debug|Any CPU = Debug|Any CPU
		Release|Any CPU = Release|Any CPU
	EndGlobalSection
	GlobalSection(ProjectConfigurationPlatforms) = postSolution
		{FD92C2B3-47C5-4C48-831A-9C81E94DFD69}.Debug|Any CPU.ActiveCfg = Debug|Any CPU
		{FD92C2B3-47C5-4C48-831A-9C81E94DFD69}.Debug|Any CPU.Build.0 = Debug|Any CPU
		{FD92C2B3-47C5-4C48-831A-9C81E94DFD69}.Release|Any CPU.ActiveCfg = Release|Any CPU
		{FD92C2B3-47C5-4C48-831A-9C81E94DFD69}.Release|Any CPU.Build.0 = Release|Any CPU
	EndGlobalSection
	GlobalSection(SolutionProperties) = preSolution
		HideSolutionNode = FALSE
	EndGlobalSection
	GlobalSection(ExtensibilityGlobals) = postSolution
		SolutionGuid = {30F8A8E4-1FB5-4B64-9A88-D20997CA3CD8}
	EndGlobalSection
EndGlobal
